
Microsoft Visual Studio Solution File, Format Version 12.00
# Visual Studio Version 17
VisualStudioVersion = 17.8.34309.116
MinimumVisualStudioVersion = 10.0.40219.1
Project("{FAE04EC0-301F-11D3-BF4B-00C04F79EFBC}") = "tempGitTestApp", "tempGitTestApp\tempGitTestApp.csproj", "{689674AB-79D4-4817-ACEA-AD55095B38E8}"
EndProject
Global
	GlobalSection(SolutionConfigurationPlatforms) = preSolution
		Debug|Any CPU = Debug|Any CPU
		Release|Any CPU = Release|Any CPU
	EndGlobalSection
	GlobalSection(ProjectConfigurationPlatforms) = postSolution
		{689674AB-79D4-4817-ACEA-AD55095B38E8}.Debug|Any CPU.ActiveCfg = Debug|Any CPU
		{689674AB-79D4-4817-ACEA-AD55095B38E8}.Debug|Any CPU.Build.0 = Debug|Any CPU
		{689674AB-79D4-4817-ACEA-AD55095B38E8}.Release|Any CPU.ActiveCfg = Release|Any CPU
		{689674AB-79D4-4817-ACEA-AD55095B38E8}.Release|Any CPU.Build.0 = Release|Any CPU
	EndGlobalSection
	GlobalSection(SolutionProperties) = preSolution
		HideSolutionNode = FALSE
	EndGlobalSection
	GlobalSection(ExtensibilityGlobals) = postSolution
		SolutionGuid = {FD63C16D-BE48-4A23-AC63-27B74F801729}
	EndGlobalSection
EndGlobal
